<Solution>
  <Folder Name="/src/" />
  <Folder Name="/src/Core/">
    <Project Path="src/Core/VRM_Plugin.Core.Abstractions/VRM_Plugin.Core.Abstractions.csproj" />
    <Project Path="src/Core/VRM_Plugin.Core.Domain/VRM_Plugin.Core.Domain.csproj" />
  </Folder>
  <Folder Name="/src/Host/">
    <Project Path="src/Host/Sliced_web_app/Sliced_web_app.csproj" />
    <Project Path="src/Host/VRM_PluginDemo.Blazor.Server/VRM_Plugin.Blazor.Server.csproj" />
  </Folder>
  <Folder Name="/src/Modules/">
    <Project Path="src/Modules/Finanzas/VRM_PluginDemo.Modules.Finanzas/VRM_Plugin.Finanzas.csproj" />
    <Project Path="src/Modules/Onboarding/VRM_PluginDemo.Modules.Prospectos/VRM_Plugin.Prospectos.csproj" />
  </Folder>
</Solution>
