<Solution>
  <Folder Name="/src/" />
  <Folder Name="/src/Core/">
    <Project Path="src/Core/VRM_Plugin.Core.Abstractions/VRM_Plugin.Core.Abstractions.csproj" />
    <Project Path="src/Core/VRM_Plugin.Core.Domain/VRM_Plugin.Core.Domain.csproj" />
    <Project Path="src/Core/VRM_Plugin.Core.Shared/VRM_Plugin.Core.Shared.csproj" />
  </Folder>
  <Folder Name="/src/Host/">
    <Project Path="src/Host/VRM_Plugin.Blazor.Server/VRM_Plugin.Blazor.Server.csproj" />
  </Folder>
  <Folder Name="/src/Modules/">
    <Project Path="src/Modules/Finanzas/VRM_Plugin.Module.Finanzas/VRM_Plugin.Module.Finanzas.csproj" />
  </Folder>
</Solution>
